
Microsoft Visual Studio Solution File, Format Version 12.00
# Visual Studio Version 17
VisualStudioVersion = 17.2.32516.85
MinimumVisualStudioVersion = 10.0.40219.1
Project("{FAE04EC0-301F-11D3-BF4B-00C04F79EFBC}") = "App Empresa", "App Empresa\App Empresa.csproj", "{57A39398-8F21-47A9-8C18-F87B637B61E3}"
EndProject
Global
	GlobalSection(SolutionConfigurationPlatforms) = preSolution
		Debug|Any CPU = Debug|Any CPU
		Release|Any CPU = Release|Any CPU
	EndGlobalSection
	GlobalSection(ProjectConfigurationPlatforms) = postSolution
		{57A39398-8F21-47A9-8C18-F87B637B61E3}.Debug|Any CPU.ActiveCfg = Debug|Any CPU
		{57A39398-8F21-47A9-8C18-F87B637B61E3}.Debug|Any CPU.Build.0 = Debug|Any CPU
		{57A39398-8F21-47A9-8C18-F87B637B61E3}.Release|Any CPU.ActiveCfg = Release|Any CPU
		{57A39398-8F21-47A9-8C18-F87B637B61E3}.Release|Any CPU.Build.0 = Release|Any CPU
	EndGlobalSection
	GlobalSection(SolutionProperties) = preSolution
		HideSolutionNode = FALSE
	EndGlobalSection
	GlobalSection(ExtensibilityGlobals) = postSolution
		SolutionGuid = {97EA9F92-741F-4792-B570-1B4AE354E534}
	EndGlobalSection
EndGlobal
