
Microsoft Visual Studio Solution File, Format Version 12.00
# Visual Studio Version 17
VisualStudioVersion = 17.2.32516.85
MinimumVisualStudioVersion = 10.0.40219.1
Project("{FAE04EC0-301F-11D3-BF4B-00C04F79EFBC}") = "Lib_LN_Empleado", "Lib_LN_Empleado\Lib_LN_Empleado.csproj", "{DB2BC03E-0173-43A4-9AB8-9B1B0F3B2E64}"
EndProject
Global
	GlobalSection(SolutionConfigurationPlatforms) = preSolution
		Debug|Any CPU = Debug|Any CPU
		Release|Any CPU = Release|Any CPU
	EndGlobalSection
	GlobalSection(ProjectConfigurationPlatforms) = postSolution
		{DB2BC03E-0173-43A4-9AB8-9B1B0F3B2E64}.Debug|Any CPU.ActiveCfg = Debug|Any CPU
		{DB2BC03E-0173-43A4-9AB8-9B1B0F3B2E64}.Debug|Any CPU.Build.0 = Debug|Any CPU
		{DB2BC03E-0173-43A4-9AB8-9B1B0F3B2E64}.Release|Any CPU.ActiveCfg = Release|Any CPU
		{DB2BC03E-0173-43A4-9AB8-9B1B0F3B2E64}.Release|Any CPU.Build.0 = Release|Any CPU
	EndGlobalSection
	GlobalSection(SolutionProperties) = preSolution
		HideSolutionNode = FALSE
	EndGlobalSection
	GlobalSection(ExtensibilityGlobals) = postSolution
		SolutionGuid = {788D555A-FE1A-40AB-89D5-011FAAB75F7D}
	EndGlobalSection
EndGlobal
